
Microsoft Visual Studio Solution File, Format Version 12.00
# Visual Studio Version 17
VisualStudioVersion = 17.5.33424.131
MinimumVisualStudioVersion = 10.0.40219.1
Project("{FAE04EC0-301F-11D3-BF4B-00C04F79EFBC}") = "lab08", "lab08\lab08.csproj", "{59AC5AF7-AAB3-47E7-9DDD-43187567C42C}"
EndProject
Project("{FAE04EC0-301F-11D3-BF4B-00C04F79EFBC}") = "Data", "Data\Data.csproj", "{6D353C40-FF96-4BAF-9C5A-39B65A0F3030}"
EndProject
Project("{FAE04EC0-301F-11D3-BF4B-00C04F79EFBC}") = "Business", "Business\Business.csproj", "{11A6463B-02F2-454A-8B87-997C6A1A9B2B}"
EndProject
Project("{FAE04EC0-301F-11D3-BF4B-00C04F79EFBC}") = "Entity", "Entity\Entity.csproj", "{CCD0A384-A787-4E6D-9AE7-A28D79BB89F5}"
EndProject
Project("{FAE04EC0-301F-11D3-BF4B-00C04F79EFBC}") = "WebApplication1", "WebApplication1\WebApplication1.csproj", "{F0058BA6-7118-44B4-BFEC-48C8EF7C3E2D}"
EndProject
Global
	GlobalSection(SolutionConfigurationPlatforms) = preSolution
		Debug|Any CPU = Debug|Any CPU
		Release|Any CPU = Release|Any CPU
	EndGlobalSection
	GlobalSection(ProjectConfigurationPlatforms) = postSolution
		{59AC5AF7-AAB3-47E7-9DDD-43187567C42C}.Debug|Any CPU.ActiveCfg = Debug|Any CPU
		{59AC5AF7-AAB3-47E7-9DDD-43187567C42C}.Debug|Any CPU.Build.0 = Debug|Any CPU
		{59AC5AF7-AAB3-47E7-9DDD-43187567C42C}.Release|Any CPU.ActiveCfg = Release|Any CPU
		{59AC5AF7-AAB3-47E7-9DDD-43187567C42C}.Release|Any CPU.Build.0 = Release|Any CPU
		{6D353C40-FF96-4BAF-9C5A-39B65A0F3030}.Debug|Any CPU.ActiveCfg = Debug|Any CPU
		{6D353C40-FF96-4BAF-9C5A-39B65A0F3030}.Debug|Any CPU.Build.0 = Debug|Any CPU
		{6D353C40-FF96-4BAF-9C5A-39B65A0F3030}.Release|Any CPU.ActiveCfg = Release|Any CPU
		{6D353C40-FF96-4BAF-9C5A-39B65A0F3030}.Release|Any CPU.Build.0 = Release|Any CPU
		{11A6463B-02F2-454A-8B87-997C6A1A9B2B}.Debug|Any CPU.ActiveCfg = Debug|Any CPU
		{11A6463B-02F2-454A-8B87-997C6A1A9B2B}.Debug|Any CPU.Build.0 = Debug|Any CPU
		{11A6463B-02F2-454A-8B87-997C6A1A9B2B}.Release|Any CPU.ActiveCfg = Release|Any CPU
		{11A6463B-02F2-454A-8B87-997C6A1A9B2B}.Release|Any CPU.Build.0 = Release|Any CPU
		{CCD0A384-A787-4E6D-9AE7-A28D79BB89F5}.Debug|Any CPU.ActiveCfg = Debug|Any CPU
		{CCD0A384-A787-4E6D-9AE7-A28D79BB89F5}.Debug|Any CPU.Build.0 = Debug|Any CPU
		{CCD0A384-A787-4E6D-9AE7-A28D79BB89F5}.Release|Any CPU.ActiveCfg = Release|Any CPU
		{CCD0A384-A787-4E6D-9AE7-A28D79BB89F5}.Release|Any CPU.Build.0 = Release|Any CPU
		{F0058BA6-7118-44B4-BFEC-48C8EF7C3E2D}.Debug|Any CPU.ActiveCfg = Debug|Any CPU
		{F0058BA6-7118-44B4-BFEC-48C8EF7C3E2D}.Debug|Any CPU.Build.0 = Debug|Any CPU
		{F0058BA6-7118-44B4-BFEC-48C8EF7C3E2D}.Release|Any CPU.ActiveCfg = Release|Any CPU
		{F0058BA6-7118-44B4-BFEC-48C8EF7C3E2D}.Release|Any CPU.Build.0 = Release|Any CPU
	EndGlobalSection
	GlobalSection(SolutionProperties) = preSolution
		HideSolutionNode = FALSE
	EndGlobalSection
	GlobalSection(ExtensibilityGlobals) = postSolution
		SolutionGuid = {0AE4D61A-4B60-477D-B92E-9C71CA7DD59E}
	EndGlobalSection
EndGlobal
